
Microsoft Visual Studio Solution File, Format Version 12.00
# Visual Studio 14
VisualStudioVersion = 14.0.24720.0
MinimumVisualStudioVersion = 10.0.40219.1
Project("{FAE04EC0-301F-11D3-BF4B-00C04F79EFBC}") = "Framework", "Framework\Framework.csproj", "{56DA1A08-C579-4A24-9D5C-11EDD811E495}"
EndProject
Project("{FAE04EC0-301F-11D3-BF4B-00C04F79EFBC}") = "AcademyTests", "UnitTestProject1\AcademyTests.csproj", "{EF46A484-AAC7-4EEC-A8DF-E46BB531F813}"
EndProject
Global
	GlobalSection(SolutionConfigurationPlatforms) = preSolution
		Debug|Any CPU = Debug|Any CPU
		Release|Any CPU = Release|Any CPU
	EndGlobalSection
	GlobalSection(ProjectConfigurationPlatforms) = postSolution
		{56DA1A08-C579-4A24-9D5C-11EDD811E495}.Debug|Any CPU.ActiveCfg = Debug|Any CPU
		{56DA1A08-C579-4A24-9D5C-11EDD811E495}.Debug|Any CPU.Build.0 = Debug|Any CPU
		{56DA1A08-C579-4A24-9D5C-11EDD811E495}.Release|Any CPU.ActiveCfg = Release|Any CPU
		{56DA1A08-C579-4A24-9D5C-11EDD811E495}.Release|Any CPU.Build.0 = Release|Any CPU
		{EF46A484-AAC7-4EEC-A8DF-E46BB531F813}.Debug|Any CPU.ActiveCfg = Debug|Any CPU
		{EF46A484-AAC7-4EEC-A8DF-E46BB531F813}.Debug|Any CPU.Build.0 = Debug|Any CPU
		{EF46A484-AAC7-4EEC-A8DF-E46BB531F813}.Release|Any CPU.ActiveCfg = Release|Any CPU
		{EF46A484-AAC7-4EEC-A8DF-E46BB531F813}.Release|Any CPU.Build.0 = Release|Any CPU
	EndGlobalSection
	GlobalSection(SolutionProperties) = preSolution
		HideSolutionNode = FALSE
	EndGlobalSection
EndGlobal
